// !$*UTF8*$!
{
	archiveVersion = 1;
	classes = {
	};
	objectVersion = 50;
	objects = {

/* Begin PBXBuildFile section */
		3A090B8E23929808002BC3CF /* DControl.framework in Frameworks */ = {isa = PBXBuildFile; fileRef = 3A090B8D23929808002BC3CF /* DControl.framework */; };
		3A090B8F23929808002BC3CF /* DControl.framework in Embed Frameworks */ = {isa = PBXBuildFile; fileRef = 3A090B8D23929808002BC3CF /* DControl.framework */; settings = {ATTRIBUTES = (CodeSignOnCopy, RemoveHeadersOnCopy, ); }; };
		3A410C2E238D499E00848D49 /* AppDelegate.swift in Sources */ = {isa = PBXBuildFile; fileRef = 3A410C2D238D499E00848D49 /* AppDelegate.swift */; };
		3A410C30238D499E00848D49 /* SceneDelegate.swift in Sources */ = {isa = PBXBuildFile; fileRef = 3A410C2F238D499E00848D49 /* SceneDelegate.swift */; };
		3A410C32238D499E00848D49 /* ViewController.swift in Sources */ = {isa = PBXBuildFile; fileRef = 3A410C31238D499E00848D49 /* ViewController.swift */; };
		3A410C35238D499E00848D49 /* Main.storyboard in Resources */ = {isa = PBXBuildFile; fileRef = 3A410C33238D499E00848D49 /* Main.storyboard */; };
		3A410C37238D49A000848D49 /* Assets.xcassets in Resources */ = {isa = PBXBuildFile; fileRef = 3A410C36238D49A000848D49 /* Assets.xcassets */; };
		3A410C3A238D49A000848D49 /* LaunchScreen.storyboard in Resources */ = {isa = PBXBuildFile; fileRef = 3A410C38238D49A000848D49 /* LaunchScreen.storyboard */; };
/* End PBXBuildFile section */

/* Begin PBXCopyFilesBuildPhase section */
		3A090B9023929809002BC3CF /* Embed Frameworks */ = {
			isa = PBXCopyFilesBuildPhase;
			buildActionMask = 2147483647;
			dstPath = "";
			dstSubfolderSpec = 10;
			files = (
				3A090B8F23929808002BC3CF /* DControl.framework in Embed Frameworks */,
			);
			name = "Embed Frameworks";
			runOnlyForDeploymentPostprocessing = 0;
		};
/* End PBXCopyFilesBuildPhase section */

/* Begin PBXFileReference section */
		3A090B8D23929808002BC3CF /* DControl.framework */ = {isa = PBXFileReference; explicitFileType = wrapper.framework; path = DControl.framework; sourceTree = BUILT_PRODUCTS_DIR; };
		3A410C2A238D499E00848D49 /* DControlSample.app */ = {isa = PBXFileReference; explicitFileType = wrapper.application; includeInIndex = 0; path = DControlSample.app; sourceTree = BUILT_PRODUCTS_DIR; };
		3A410C2D238D499E00848D49 /* AppDelegate.swift */ = {isa = PBXFileReference; lastKnownFileType = sourcecode.swift; path = AppDelegate.swift; sourceTree = "<group>"; };
		3A410C2F238D499E00848D49 /* SceneDelegate.swift */ = {isa = PBXFileReference; lastKnownFileType = sourcecode.swift; path = SceneDelegate.swift; sourceTree = "<group>"; };
		3A410C31238D499E00848D49 /* ViewController.swift */ = {isa = PBXFileReference; lastKnownFileType = sourcecode.swift; path = ViewController.swift; sourceTree = "<group>"; };
		3A410C34238D499E00848D49 /* Base */ = {isa = PBXFileReference; lastKnownFileType = file.storyboard; name = Base; path = Base.lproj/Main.storyboard; sourceTree = "<group>"; };
		3A410C36238D49A000848D49 /* Assets.xcassets */ = {isa = PBXFileReference; lastKnownFileType = folder.assetcatalog; path = Assets.xcassets; sourceTree = "<group>"; };
		3A410C39238D49A000848D49 /* Base */ = {isa = PBXFileReference; lastKnownFileType = file.storyboard; name = Base; path = Base.lproj/LaunchScreen.storyboard; sourceTree = "<group>"; };
		3A410C3B238D49A000848D49 /* Info.plist */ = {isa = PBXFileReference; lastKnownFileType = text.plist.xml; path = Info.plist; sourceTree = "<group>"; };
/* End PBXFileReference section */

/* Begin PBXFrameworksBuildPhase section */
		3A410C27238D499E00848D49 /* Frameworks */ = {
			isa = PBXFrameworksBuildPhase;
			buildActionMask = 2147483647;
			files = (
				3A090B8E23929808002BC3CF /* DControl.framework in Frameworks */,
			);
			runOnlyForDeploymentPostprocessing = 0;
		};
/* End PBXFrameworksBuildPhase section */

/* Begin PBXGroup section */
		3A090B8C23929808002BC3CF /* Frameworks */ = {
			isa = PBXGroup;
			children = (
				3A090B8D23929808002BC3CF /* DControl.framework */,
			);
			name = Frameworks;
			sourceTree = "<group>";
		};
		3A410C21238D499E00848D49 = {
			isa = PBXGroup;
			children = (
				3A410C2C238D499E00848D49 /* DControlSample */,
				3A410C2B238D499E00848D49 /* Products */,
				3A090B8C23929808002BC3CF /* Frameworks */,
			);
			sourceTree = "<group>";
		};
		3A410C2B238D499E00848D49 /* Products */ = {
			isa = PBXGroup;
			children = (
				3A410C2A238D499E00848D49 /* DControlSample.app */,
			);
			name = Products;
			sourceTree = "<group>";
		};
		3A410C2C238D499E00848D49 /* DControlSample */ = {
			isa = PBXGroup;
			children = (
				3A410C2D238D499E00848D49 /* AppDelegate.swift */,
				3A410C2F238D499E00848D49 /* SceneDelegate.swift */,
				3A410C31238D499E00848D49 /* ViewController.swift */,
				3A410C33238D499E00848D49 /* Main.storyboard */,
				3A410C36238D49A000848D49 /* Assets.xcassets */,
				3A410C38238D49A000848D49 /* LaunchScreen.storyboard */,
				3A410C3B238D49A000848D49 /* Info.plist */,
			);
			path = DControlSample;
			sourceTree = "<group>";
		};
/* End PBXGroup section */

/* Begin PBXNativeTarget section */
		3A410C29238D499E00848D49 /* DControlSample */ = {
			isa = PBXNativeTarget;
			buildConfigurationList = 3A410C3E238D49A000848D49 /* Build configuration list for PBXNativeTarget "DControlSample" */;
			buildPhases = (
				3A410C26238D499E00848D49 /* Sources */,
				3A410C27238D499E00848D49 /* Frameworks */,
				3A410C28238D499E00848D49 /* Resources */,
				3A090B9023929809002BC3CF /* Embed Frameworks */,
			);
			buildRules = (
			);
			dependencies = (
			);
			name = DControlSample;
			productName = DControlSample;
			productReference = 3A410C2A238D499E00848D49 /* DControlSample.app */;
			productType = "com.apple.product-type.application";
		};
/* End PBXNativeTarget section */

/* Begin PBXProject section */
		3A410C22238D499E00848D49 /* Project object */ = {
			isa = PBXProject;
			attributes = {
				LastSwiftUpdateCheck = 1120;
				LastUpgradeCheck = 1120;
				ORGANIZATIONNAME = DIO;
				TargetAttributes = {
					3A410C29238D499E00848D49 = {
						CreatedOnToolsVersion = 11.2.1;
					};
				};
			};
			buildConfigurationList = 3A410C25238D499E00848D49 /* Build configuration list for PBXProject "DControlSample" */;
			compatibilityVersion = "Xcode 9.3";
			developmentRegion = en;
			hasScannedForEncodings = 0;
			knownRegions = (
				en,
				Base,
			);
			mainGroup = 3A410C21238D499E00848D49;
			productRefGroup = 3A410C2B238D499E00848D49 /* Products */;
			projectDirPath = "";
			projectRoot = "";
			targets = (
				3A410C29238D499E00848D49 /* DControlSample */,
			);
		};
/* End PBXProject section */

/* Begin PBXResourcesBuildPhase section */
		3A410C28238D499E00848D49 /* Resources */ = {
			isa = PBXResourcesBuildPhase;
			buildActionMask = 2147483647;
			files = (
				3A410C3A238D49A000848D49 /* LaunchScreen.storyboard in Resources */,
				3A410C37238D49A000848D49 /* Assets.xcassets in Resources */,
				3A410C35238D499E00848D49 /* Main.storyboard in Resources */,
			);
			runOnlyForDeploymentPostprocessing = 0;
		};
/* End PBXResourcesBuildPhase section */

/* Begin PBXSourcesBuildPhase section */
		3A410C26238D499E00848D49 /* Sources */ = {
			isa = PBXSourcesBuildPhase;
			buildActionMask = 2147483647;
			files = (
				3A410C32238D499E00848D49 /* ViewController.swift in Sources */,
				3A410C2E238D499E00848D49 /* AppDelegate.swift in Sources */,
				3A410C30238D499E00848D49 /* SceneDelegate.swift in Sources */,
			);
			runOnlyForDeploymentPostprocessing = 0;
		};
/* End PBXSourcesBuildPhase section */

/* Begin PBXVariantGroup section */
		3A410C33238D499E00848D49 /* Main.storyboard */ = {
			isa = PBXVariantGroup;
			children = (
				3A410C34238D499E00848D49 /* Base */,
			);
			name = Main.storyboard;
			sourceTree = "<group>";
		};
		3A410C38238D49A000848D49 /* LaunchScreen.storyboard */ = {
			isa = PBXVariantGroup;
			children = (
				3A410C39238D49A000848D49 /* Base */,
			);
			name = LaunchScreen.storyboard;
			sourceTree = "<group>";
		};
/* End PBXVariantGroup section */

/* Begin XCBuildConfiguration section */
		3A410C3C238D49A000848D49 /* Debug */ = {
			isa = XCBuildConfiguration;
			buildSettings = {
				ALWAYS_SEARCH_USER_PATHS = NO;
				CLANG_ANALYZER_NONNULL = YES;
				CLANG_ANALYZER_NUMBER_OBJECT_CONVERSION = YES_AGGRESSIVE;
				CLANG_CXX_LANGUAGE_STANDARD = "gnu++14";
				CLANG_CXX_LIBRARY = "libc++";
				CLANG_ENABLE_MODULES = YES;
				CLANG_ENABLE_OBJC_ARC = YES;
				CLANG_ENABLE_OBJC_WEAK = YES;
				CLANG_WARN_BLOCK_CAPTURE_AUTORELEASING = YES;
				CLANG_WARN_BOOL_CONVERSION = YES;
				CLANG_WARN_COMMA = YES;
				CLANG_WARN_CONSTANT_CONVERSION = YES;
				CLANG_WARN_DEPRECATED_OBJC_IMPLEMENTATIONS = YES;
				CLANG_WARN_DIRECT_OBJC_ISA_USAGE = YES_ERROR;
				CLANG_WARN_DOCUMENTATION_COMMENTS = YES;
				CLANG_WARN_EMPTY_BODY = YES;
				CLANG_WARN_ENUM_CONVERSION = YES;
				CLANG_WARN_INFINITE_RECURSION = YES;
				CLANG_WARN_INT_CONVERSION = YES;
				CLANG_WARN_NON_LITERAL_NULL_CONVERSION = YES;
				CLANG_WARN_OBJC_IMPLICIT_RETAIN_SELF = YES;
				CLANG_WARN_OBJC_LITERAL_CONVERSION = YES;
				CLANG_WARN_OBJC_ROOT_CLASS = YES_ERROR;
				CLANG_WARN_RANGE_LOOP_ANALYSIS = YES;
				CLANG_WARN_STRICT_PROTOTYPES = YES;
				CLANG_WARN_SUSPICIOUS_MOVE = YES;
				CLANG_WARN_UNGUARDED_AVAILABILITY = YES_AGGRESSIVE;
				CLANG_WARN_UNREACHABLE_CODE = YES;
				CLANG_WARN__DUPLICATE_METHOD_MATCH = YES;
				COPY_PHASE_STRIP = NO;
				DEBUG_INFORMATION_FORMAT = dwarf;
				ENABLE_STRICT_OBJC_MSGSEND = YES;
				ENABLE_TESTABILITY = YES;
				GCC_C_LANGUAGE_STANDARD = gnu11;
				GCC_DYNAMIC_NO_PIC = NO;
				GCC_NO_COMMON_BLOCKS = YES;
				GCC_OPTIMIZATION_LEVEL = 0;
				GCC_PREPROCESSOR_DEFINITIONS = (
					"DEBUG=1",
					"$(inherited)",
				);
				GCC_WARN_64_TO_32_BIT_CONVERSION = YES;
				GCC_WARN_ABOUT_RETURN_TYPE = YES_ERROR;
				GCC_WARN_UNDECLARED_SELECTOR = YES;
				GCC_WARN_UNINITIALIZED_AUTOS = YES_AGGRESSIVE;
				GCC_WARN_UNUSED_FUNCTION = YES;
				GCC_WARN_UNUSED_VARIABLE = YES;
				IPHONEOS_DEPLOYMENT_TARGET = 13.2;
				MTL_ENABLE_DEBUG_INFO = INCLUDE_SOURCE;
				MTL_FAST_MATH = YES;
				ONLY_ACTIVE_ARCH = YES;
				SDKROOT = iphoneos;
				SWIFT_ACTIVE_COMPILATION_CONDITIONS = DEBUG;
				SWIFT_OPTIMIZATION_LEVEL = "-Onone";
			};
			name = Debug;
		};
		3A410C3D238D49A000848D49 /* Release */ = {
			isa = XCBuildConfiguration;
			buildSettings = {
				ALWAYS_SEARCH_USER_PATHS = NO;
				CLANG_ANALYZER_NONNULL = YES;
				CLANG_ANALYZER_NUMBER_OBJECT_CONVERSION = YES_AGGRESSIVE;
				CLANG_CXX_LANGUAGE_STANDARD = "gnu++14";
				CLANG_CXX_LIBRARY = "libc++";
				CLANG_ENABLE_MODULES = YES;
				CLANG_ENABLE_OBJC_ARC = YES;
				CLANG_ENABLE_OBJC_WEAK = YES;
				CLANG_WARN_BLOCK_CAPTURE_AUTORELEASING = YES;
				CLANG_WARN_BOOL_CONVERSION = YES;
				CLANG_WARN_COMMA = YES;
				CLANG_WARN_CONSTANT_CONVERSION = YES;
				CLANG_WARN_DEPRECATED_OBJC_IMPLEMENTATIONS = YES;
				CLANG_WARN_DIRECT_OBJC_ISA_USAGE = YES_ERROR;
				CLANG_WARN_DOCUMENTATION_COMMENTS = YES;
				CLANG_WARN_EMPTY_BODY = YES;
				CLANG_WARN_ENUM_CONVERSION = YES;
				CLANG_WARN_INFINITE_RECURSION = YES;
				CLANG_WARN_INT_CONVERSION = YES;
				CLANG_WARN_NON_LITERAL_NULL_CONVERSION = YES;
				CLANG_WARN_OBJC_IMPLICIT_RETAIN_SELF = YES;
				CLANG_WARN_OBJC_LITERAL_CONVERSION = YES;
				CLANG_WARN_OBJC_ROOT_CLASS = YES_ERROR;
				CLANG_WARN_RANGE_LOOP_ANALYSIS = YES;
				CLANG_WARN_STRICT_PROTOTYPES = YES;
				CLANG_WARN_SUSPICIOUS_MOVE = YES;
				CLANG_WARN_UNGUARDED_AVAILABILITY = YES_AGGRESSIVE;
				CLANG_WARN_UNREACHABLE_CODE = YES;
				CLANG_WARN__DUPLICATE_METHOD_MATCH = YES;
				COPY_PHASE_STRIP = NO;
				DEBUG_INFORMATION_FORMAT = "dwarf-with-dsym";
				ENABLE_NS_ASSERTIONS = NO;
				ENABLE_STRICT_OBJC_MSGSEND = YES;
				GCC_C_LANGUAGE_STANDARD = gnu11;
				GCC_NO_COMMON_BLOCKS = YES;
				GCC_WARN_64_TO_32_BIT_CONVERSION = YES;
				GCC_WARN_ABOUT_RETURN_TYPE = YES_ERROR;
				GCC_WARN_UNDECLARED_SELECTOR = YES;
				GCC_WARN_UNINITIALIZED_AUTOS = YES_AGGRESSIVE;
				GCC_WARN_UNUSED_FUNCTION = YES;
				GCC_WARN_UNUSED_VARIABLE = YES;
				IPHONEOS_DEPLOYMENT_TARGET = 13.2;
				MTL_ENABLE_DEBUG_INFO = NO;
				MTL_FAST_MATH = YES;
				SDKROOT = iphoneos;
				SWIFT_COMPILATION_MODE = wholemodule;
				SWIFT_OPTIMIZATION_LEVEL = "-O";
				VALIDATE_PRODUCT = YES;
			};
			name = Release;
		};
		3A410C3F238D49A000848D49 /* Debug */ = {
			isa = XCBuildConfiguration;
			buildSettings = {
				ASSETCATALOG_COMPILER_APPICON_NAME = AppIcon;
				CODE_SIGN_STYLE = Automatic;
				DEVELOPMENT_TEAM = RMVJT9K8W3;
				INFOPLIST_FILE = DControlSample/Info.plist;
				IPHONEOS_DEPLOYMENT_TARGET = 12.0;
				LD_RUNPATH_SEARCH_PATHS = (
					"$(inherited)",
					"@executable_path/Frameworks",
				);
				PRODUCT_BUNDLE_IDENTIFIER = DIO.DControlSample;
				PRODUCT_NAME = "$(TARGET_NAME)";
				SWIFT_VERSION = 5.0;
				TARGETED_DEVICE_FAMILY = "1,2";
			};
			name = Debug;
		};
		3A410C40238D49A000848D49 /* Release */ = {
			isa = XCBuildConfiguration;
			buildSettings = {
				ASSETCATALOG_COMPILER_APPICON_NAME = AppIcon;
				CODE_SIGN_STYLE = Automatic;
				DEVELOPMENT_TEAM = RMVJT9K8W3;
				INFOPLIST_FILE = DControlSample/Info.plist;
				IPHONEOS_DEPLOYMENT_TARGET = 12.0;
				LD_RUNPATH_SEARCH_PATHS = (
					"$(inherited)",
					"@executable_path/Frameworks",
				);
				PRODUCT_BUNDLE_IDENTIFIER = DIO.DControlSample;
				PRODUCT_NAME = "$(TARGET_NAME)";
				SWIFT_VERSION = 5.0;
				TARGETED_DEVICE_FAMILY = "1,2";
			};
			name = Release;
		};
/* End XCBuildConfiguration section */

/* Begin XCConfigurationList section */
		3A410C25238D499E00848D49 /* Build configuration list for PBXProject "DControlSample" */ = {
			isa = XCConfigurationList;
			buildConfigurations = (
				3A410C3C238D49A000848D49 /* Debug */,
				3A410C3D238D49A000848D49 /* Release */,
			);
			defaultConfigurationIsVisible = 0;
			defaultConfigurationName = Release;
		};
		3A410C3E238D49A000848D49 /* Build configuration list for PBXNativeTarget "DControlSample" */ = {
			isa = XCConfigurationList;
			buildConfigurations = (
				3A410C3F238D49A000848D49 /* Debug */,
				3A410C40238D49A000848D49 /* Release */,
			);
			defaultConfigurationIsVisible = 0;
			defaultConfigurationName = Release;
		};
/* End XCConfigurationList section */
	};
	rootObject = 3A410C22238D499E00848D49 /* Project object */;
}
